
Microsoft Visual Studio Solution File, Format Version 12.00
# Visual Studio Version 16
VisualStudioVersion = 16.0.29411.108
MinimumVisualStudioVersion = 10.0.40219.1
Project("{FAE04EC0-301F-11D3-BF4B-00C04F79EFBC}") = "DInesh_Rav0", "DInesh_Rav0\DInesh_Rav0.csproj", "{7AC05A23-DA06-47E9-B212-B209302AC2A3}"
EndProject
Global
	GlobalSection(SolutionConfigurationPlatforms) = preSolution
		Debug|Any CPU = Debug|Any CPU
		Release|Any CPU = Release|Any CPU
	EndGlobalSection
	GlobalSection(ProjectConfigurationPlatforms) = postSolution
		{7AC05A23-DA06-47E9-B212-B209302AC2A3}.Debug|Any CPU.ActiveCfg = Debug|Any CPU
		{7AC05A23-DA06-47E9-B212-B209302AC2A3}.Debug|Any CPU.Build.0 = Debug|Any CPU
		{7AC05A23-DA06-47E9-B212-B209302AC2A3}.Release|Any CPU.ActiveCfg = Release|Any CPU
		{7AC05A23-DA06-47E9-B212-B209302AC2A3}.Release|Any CPU.Build.0 = Release|Any CPU
	EndGlobalSection
	GlobalSection(SolutionProperties) = preSolution
		HideSolutionNode = FALSE
	EndGlobalSection
	GlobalSection(ExtensibilityGlobals) = postSolution
		SolutionGuid = {91554F93-179F-47EF-8770-015CA67B8AFB}
	EndGlobalSection
EndGlobal
